{
  "name": "1942-gamejam-demo",
  "version": "1.0.0",
  "lockfileVersion": 2,
  "requires": true,
  "packages": {
    "": {
      "name": "1942-gamejam-demo",
      "version": "1.0.0",
      "license": "ISC",
      "dependencies": {
        "bitecs": "^0.3.38"
      },
      "devDependencies": {
        "@phaserjs/phaser": "^0.2.2"
      }
    },
    "node_modules/@phaserjs/phaser": {
      "version": "0.2.2",
      "resolved": "https://registry.npmjs.org/@phaserjs/phaser/-/phaser-0.2.2.tgz",
      "integrity": "sha512-6XIRVRyJnmPxIatcffS90qqEqTPDOC7iiprNL837FPtAfmXdIkSD2m1czw2wXo8fcy2SQVfZESDFryCZO9Jp4g==",
      "dev": true
    },
    "node_modules/bitecs": {
      "version": "0.3.38",
      "resolved": "https://registry.npmjs.org/bitecs/-/bitecs-0.3.38.tgz",
      "integrity": "sha512-vfz6wjPElg/0O7c06Ttb/BeWMInBspSuekRvNoLqPyEZV87tLWipxqpjtGPKZBhin8jv4OuQkrkZZfZpaqOndQ=="
    }
  },
  "dependencies": {
    "@phaserjs/phaser": {
      "version": "0.2.2",
      "resolved": "https://registry.npmjs.org/@phaserjs/phaser/-/phaser-0.2.2.tgz",
      "integrity": "sha512-6XIRVRyJnmPxIatcffS90qqEqTPDOC7iiprNL837FPtAfmXdIkSD2m1czw2wXo8fcy2SQVfZESDFryCZO9Jp4g==",
      "dev": true
    },
    "bitecs": {
      "version": "0.3.38",
      "resolved": "https://registry.npmjs.org/bitecs/-/bitecs-0.3.38.tgz",
      "integrity": "sha512-vfz6wjPElg/0O7c06Ttb/BeWMInBspSuekRvNoLqPyEZV87tLWipxqpjtGPKZBhin8jv4OuQkrkZZfZpaqOndQ=="
    }
  }
}
